
Microsoft Visual Studio Solution File, Format Version 12.00
# Visual Studio Version 16
VisualStudioVersion = 16.0.31402.337
MinimumVisualStudioVersion = 10.0.40219.1
Project("{FAE04EC0-301F-11D3-BF4B-00C04F79EFBC}") = "ProvaQuiz", "ProvaQuiz\ProvaQuiz.csproj", "{8FC1B0E9-DF5C-4C15-A05B-CF2C338C4066}"
EndProject
Global
	GlobalSection(SolutionConfigurationPlatforms) = preSolution
		Debug|Any CPU = Debug|Any CPU
		Release|Any CPU = Release|Any CPU
	EndGlobalSection
	GlobalSection(ProjectConfigurationPlatforms) = postSolution
		{8FC1B0E9-DF5C-4C15-A05B-CF2C338C4066}.Debug|Any CPU.ActiveCfg = Debug|Any CPU
		{8FC1B0E9-DF5C-4C15-A05B-CF2C338C4066}.Debug|Any CPU.Build.0 = Debug|Any CPU
		{8FC1B0E9-DF5C-4C15-A05B-CF2C338C4066}.Release|Any CPU.ActiveCfg = Release|Any CPU
		{8FC1B0E9-DF5C-4C15-A05B-CF2C338C4066}.Release|Any CPU.Build.0 = Release|Any CPU
	EndGlobalSection
	GlobalSection(SolutionProperties) = preSolution
		HideSolutionNode = FALSE
	EndGlobalSection
	GlobalSection(ExtensibilityGlobals) = postSolution
		SolutionGuid = {5C9D0D4D-79DD-43F6-A093-2DFE052BAA68}
	EndGlobalSection
EndGlobal
